
Microsoft Visual Studio Solution File, Format Version 12.00
# Visual Studio Version 17
VisualStudioVersion = 17.12.35527.113
MinimumVisualStudioVersion = 10.0.40219.1
Project("{FAE04EC0-301F-11D3-BF4B-00C04F79EFBC}") = "SolidLayer Architecture", "SolidLayer Architecture\SolidLayer Architecture.csproj", "{75BFCFE5-AE3B-44A6-AF47-B43E2BE2E3D8}"
EndProject
Project("{FAE04EC0-301F-11D3-BF4B-00C04F79EFBC}") = "Swipe2TryCore", "Swipe2TryCore\Swipe2TryCore.csproj", "{447B3427-5F59-4942-906C-7875CAE010A1}"
EndProject
Global
	GlobalSection(SolutionConfigurationPlatforms) = preSolution
		Debug|Any CPU = Debug|Any CPU
		Release|Any CPU = Release|Any CPU
	EndGlobalSection
	GlobalSection(ProjectConfigurationPlatforms) = postSolution
		{75BFCFE5-AE3B-44A6-AF47-B43E2BE2E3D8}.Debug|Any CPU.ActiveCfg = Debug|Any CPU
		{75BFCFE5-AE3B-44A6-AF47-B43E2BE2E3D8}.Debug|Any CPU.Build.0 = Debug|Any CPU
		{75BFCFE5-AE3B-44A6-AF47-B43E2BE2E3D8}.Release|Any CPU.ActiveCfg = Release|Any CPU
		{75BFCFE5-AE3B-44A6-AF47-B43E2BE2E3D8}.Release|Any CPU.Build.0 = Release|Any CPU
		{447B3427-5F59-4942-906C-7875CAE010A1}.Debug|Any CPU.ActiveCfg = Debug|Any CPU
		{447B3427-5F59-4942-906C-7875CAE010A1}.Debug|Any CPU.Build.0 = Debug|Any CPU
		{447B3427-5F59-4942-906C-7875CAE010A1}.Release|Any CPU.ActiveCfg = Release|Any CPU
		{447B3427-5F59-4942-906C-7875CAE010A1}.Release|Any CPU.Build.0 = Release|Any CPU
	EndGlobalSection
	GlobalSection(SolutionProperties) = preSolution
		HideSolutionNode = FALSE
	EndGlobalSection
EndGlobal
